
Microsoft Visual Studio Solution File, Format Version 12.00
# Visual Studio Version 16
VisualStudioVersion = 16.0.29324.140
MinimumVisualStudioVersion = 10.0.40219.1
Project("{FAE04EC0-301F-11D3-BF4B-00C04F79EFBC}") = "SharesBrokerAPI", "SharesBrokerAPI\SharesBrokerAPI.csproj", "{712C40BC-3C41-4142-9CB1-D584F6813B98}"
EndProject
Project("{FAE04EC0-301F-11D3-BF4B-00C04F79EFBC}") = "SharesBrokerAPI.Domain", "SharesBrokerAPI.Domain\SharesBrokerAPI.Domain.csproj", "{9DFE9826-44CB-49EB-84A9-108BF6EFE6FF}"
EndProject
Global
	GlobalSection(SolutionConfigurationPlatforms) = preSolution
		Debug|Any CPU = Debug|Any CPU
		Release|Any CPU = Release|Any CPU
	EndGlobalSection
	GlobalSection(ProjectConfigurationPlatforms) = postSolution
		{712C40BC-3C41-4142-9CB1-D584F6813B98}.Debug|Any CPU.ActiveCfg = Debug|Any CPU
		{712C40BC-3C41-4142-9CB1-D584F6813B98}.Debug|Any CPU.Build.0 = Debug|Any CPU
		{712C40BC-3C41-4142-9CB1-D584F6813B98}.Release|Any CPU.ActiveCfg = Release|Any CPU
		{712C40BC-3C41-4142-9CB1-D584F6813B98}.Release|Any CPU.Build.0 = Release|Any CPU
		{9DFE9826-44CB-49EB-84A9-108BF6EFE6FF}.Debug|Any CPU.ActiveCfg = Debug|Any CPU
		{9DFE9826-44CB-49EB-84A9-108BF6EFE6FF}.Debug|Any CPU.Build.0 = Debug|Any CPU
		{9DFE9826-44CB-49EB-84A9-108BF6EFE6FF}.Release|Any CPU.ActiveCfg = Release|Any CPU
		{9DFE9826-44CB-49EB-84A9-108BF6EFE6FF}.Release|Any CPU.Build.0 = Release|Any CPU
	EndGlobalSection
	GlobalSection(SolutionProperties) = preSolution
		HideSolutionNode = FALSE
	EndGlobalSection
	GlobalSection(ExtensibilityGlobals) = postSolution
		SolutionGuid = {98ED711F-4F56-4177-8312-0DAA988B322E}
	EndGlobalSection
EndGlobal
